
Microsoft Visual Studio Solution File, Format Version 12.00
# Visual Studio Version 16
VisualStudioVersion = 16.0.30717.126
MinimumVisualStudioVersion = 10.0.40219.1
Project("{FAE04EC0-301F-11D3-BF4B-00C04F79EFBC}") = "day7", "day7.csproj", "{9B4B2626-5CAD-409F-9E59-40FF5BAB0C4D}"
EndProject
Global
	GlobalSection(SolutionConfigurationPlatforms) = preSolution
		Debug|Any CPU = Debug|Any CPU
		Release|Any CPU = Release|Any CPU
	EndGlobalSection
	GlobalSection(ProjectConfigurationPlatforms) = postSolution
		{9B4B2626-5CAD-409F-9E59-40FF5BAB0C4D}.Debug|Any CPU.ActiveCfg = Debug|Any CPU
		{9B4B2626-5CAD-409F-9E59-40FF5BAB0C4D}.Debug|Any CPU.Build.0 = Debug|Any CPU
		{9B4B2626-5CAD-409F-9E59-40FF5BAB0C4D}.Release|Any CPU.ActiveCfg = Release|Any CPU
		{9B4B2626-5CAD-409F-9E59-40FF5BAB0C4D}.Release|Any CPU.Build.0 = Release|Any CPU
	EndGlobalSection
	GlobalSection(SolutionProperties) = preSolution
		HideSolutionNode = FALSE
	EndGlobalSection
	GlobalSection(ExtensibilityGlobals) = postSolution
		SolutionGuid = {44BE0AA5-81E9-4F98-9FB5-70E4B79335FA}
	EndGlobalSection
EndGlobal
